// !$*UTF8*$!
{
	archiveVersion = 1;
	classes = {
	};
	objectVersion = 77;
	objects = {

/* Begin PBXBuildFile section */
		AA75C7032D1D1A9C009B2A9D /* AppDelegate.swift in Sources */ = {isa = PBXBuildFile; fileRef = AA75C6FB2D1D1A9C009B2A9D /* AppDelegate.swift */; };
		AA75C7042D1D1A9C009B2A9D /* MainViewController.swift in Sources */ = {isa = PBXBuildFile; fileRef = AA75C7002D1D1A9C009B2A9D /* MainViewController.swift */; };
		AA75C7052D1D1A9C009B2A9D /* SceneDelegate.swift in Sources */ = {isa = PBXBuildFile; fileRef = AA75C7012D1D1A9C009B2A9D /* SceneDelegate.swift */; };
		AA75C7062D1D1A9C009B2A9D /* Assets.xcassets in Resources */ = {isa = PBXBuildFile; fileRef = AA75C6FC2D1D1A9C009B2A9D /* Assets.xcassets */; };
		AA75C7082D1D1A9C009B2A9D /* LaunchScreen.storyboard in Resources */ = {isa = PBXBuildFile; fileRef = AA75C6FF2D1D1A9C009B2A9D /* LaunchScreen.storyboard */; };
		AA75C70E2D1D1BDC009B2A9D /* SnapKit in Frameworks */ = {isa = PBXBuildFile; productRef = AA75C70D2D1D1BDC009B2A9D /* SnapKit */; };
		AA75C7112D1D1CB0009B2A9D /* RxCocoa in Frameworks */ = {isa = PBXBuildFile; productRef = AA75C7102D1D1CB0009B2A9D /* RxCocoa */; };
		AA75C7132D1D4D62009B2A9D /* NetworkManager.swift in Sources */ = {isa = PBXBuildFile; fileRef = AA75C7122D1D4D62009B2A9D /* NetworkManager.swift */; };
		AA75C7152D1D4FA9009B2A9D /* NetworkError.swift in Sources */ = {isa = PBXBuildFile; fileRef = AA75C7142D1D4FA9009B2A9D /* NetworkError.swift */; };
		AA75C7172D1D6128009B2A9D /* PokemonData.swift in Sources */ = {isa = PBXBuildFile; fileRef = AA75C7162D1D6128009B2A9D /* PokemonData.swift */; };
/* End PBXBuildFile section */

/* Begin PBXFileReference section */
		AA75C6E32D1D1A2C009B2A9D /* PokeDex.app */ = {isa = PBXFileReference; explicitFileType = wrapper.application; includeInIndex = 0; path = PokeDex.app; sourceTree = BUILT_PRODUCTS_DIR; };
		AA75C6FB2D1D1A9C009B2A9D /* AppDelegate.swift */ = {isa = PBXFileReference; lastKnownFileType = sourcecode.swift; path = AppDelegate.swift; sourceTree = "<group>"; };
		AA75C6FC2D1D1A9C009B2A9D /* Assets.xcassets */ = {isa = PBXFileReference; lastKnownFileType = folder.assetcatalog; path = Assets.xcassets; sourceTree = "<group>"; };
		AA75C6FD2D1D1A9C009B2A9D /* Info.plist */ = {isa = PBXFileReference; lastKnownFileType = text.plist.xml; path = Info.plist; sourceTree = "<group>"; };
		AA75C6FE2D1D1A9C009B2A9D /* Base */ = {isa = PBXFileReference; lastKnownFileType = file.storyboard; name = Base; path = Base.lproj/LaunchScreen.storyboard; sourceTree = "<group>"; };
		AA75C7002D1D1A9C009B2A9D /* MainViewController.swift */ = {isa = PBXFileReference; lastKnownFileType = sourcecode.swift; path = MainViewController.swift; sourceTree = "<group>"; };
		AA75C7012D1D1A9C009B2A9D /* SceneDelegate.swift */ = {isa = PBXFileReference; lastKnownFileType = sourcecode.swift; path = SceneDelegate.swift; sourceTree = "<group>"; };
		AA75C7122D1D4D62009B2A9D /* NetworkManager.swift */ = {isa = PBXFileReference; lastKnownFileType = sourcecode.swift; path = NetworkManager.swift; sourceTree = "<group>"; };
		AA75C7142D1D4FA9009B2A9D /* NetworkError.swift */ = {isa = PBXFileReference; lastKnownFileType = sourcecode.swift; path = NetworkError.swift; sourceTree = "<group>"; };
		AA75C7162D1D6128009B2A9D /* PokemonData.swift */ = {isa = PBXFileReference; lastKnownFileType = sourcecode.swift; path = PokemonData.swift; sourceTree = "<group>"; };
/* End PBXFileReference section */

/* Begin PBXFrameworksBuildPhase section */
		AA75C6E02D1D1A2C009B2A9D /* Frameworks */ = {
			isa = PBXFrameworksBuildPhase;
			buildActionMask = 2147483647;
			files = (
				AA75C7112D1D1CB0009B2A9D /* RxCocoa in Frameworks */,
				AA75C70E2D1D1BDC009B2A9D /* SnapKit in Frameworks */,
			);
			runOnlyForDeploymentPostprocessing = 0;
		};
/* End PBXFrameworksBuildPhase section */

/* Begin PBXGroup section */
		AA75C6DA2D1D1A2C009B2A9D = {
			isa = PBXGroup;
			children = (
				AA75C7022D1D1A9C009B2A9D /* PokeDex */,
				AA75C6E42D1D1A2C009B2A9D /* Products */,
			);
			sourceTree = "<group>";
		};
		AA75C6E42D1D1A2C009B2A9D /* Products */ = {
			isa = PBXGroup;
			children = (
				AA75C6E32D1D1A2C009B2A9D /* PokeDex.app */,
			);
			name = Products;
			sourceTree = "<group>";
		};
		AA75C7022D1D1A9C009B2A9D /* PokeDex */ = {
			isa = PBXGroup;
			children = (
				AA75C70B2D1D1BB9009B2A9D /* Model */,
				AA75C70A2D1D1BB4009B2A9D /* ViewModel */,
				AA75C7092D1D1BAD009B2A9D /* View */,
				AA75C7012D1D1A9C009B2A9D /* SceneDelegate.swift */,
				AA75C6FB2D1D1A9C009B2A9D /* AppDelegate.swift */,
				AA75C6FC2D1D1A9C009B2A9D /* Assets.xcassets */,
				AA75C6FD2D1D1A9C009B2A9D /* Info.plist */,
				AA75C6FF2D1D1A9C009B2A9D /* LaunchScreen.storyboard */,
			);
			path = PokeDex;
			sourceTree = "<group>";
		};
		AA75C7092D1D1BAD009B2A9D /* View */ = {
			isa = PBXGroup;
			children = (
				AA75C7002D1D1A9C009B2A9D /* MainViewController.swift */,
			);
			path = View;
			sourceTree = "<group>";
		};
		AA75C70A2D1D1BB4009B2A9D /* ViewModel */ = {
			isa = PBXGroup;
			children = (
			);
			path = ViewModel;
			sourceTree = "<group>";
		};
		AA75C70B2D1D1BB9009B2A9D /* Model */ = {
			isa = PBXGroup;
			children = (
				AA75C7122D1D4D62009B2A9D /* NetworkManager.swift */,
				AA75C7142D1D4FA9009B2A9D /* NetworkError.swift */,
				AA75C7162D1D6128009B2A9D /* PokemonData.swift */,
			);
			path = Model;
			sourceTree = "<group>";
		};
/* End PBXGroup section */

/* Begin PBXNativeTarget section */
		AA75C6E22D1D1A2C009B2A9D /* PokeDex */ = {
			isa = PBXNativeTarget;
			buildConfigurationList = AA75C6F62D1D1A2F009B2A9D /* Build configuration list for PBXNativeTarget "PokeDex" */;
			buildPhases = (
				AA75C6DF2D1D1A2C009B2A9D /* Sources */,
				AA75C6E02D1D1A2C009B2A9D /* Frameworks */,
				AA75C6E12D1D1A2C009B2A9D /* Resources */,
			);
			buildRules = (
			);
			dependencies = (
			);
			name = PokeDex;
			packageProductDependencies = (
				AA75C70D2D1D1BDC009B2A9D /* SnapKit */,
				AA75C7102D1D1CB0009B2A9D /* RxCocoa */,
			);
			productName = PokeDex;
			productReference = AA75C6E32D1D1A2C009B2A9D /* PokeDex.app */;
			productType = "com.apple.product-type.application";
		};
/* End PBXNativeTarget section */

/* Begin PBXProject section */
		AA75C6DB2D1D1A2C009B2A9D /* Project object */ = {
			isa = PBXProject;
			attributes = {
				BuildIndependentTargetsInParallel = 1;
				LastSwiftUpdateCheck = 1620;
				LastUpgradeCheck = 1620;
				TargetAttributes = {
					AA75C6E22D1D1A2C009B2A9D = {
						CreatedOnToolsVersion = 16.2;
					};
				};
			};
			buildConfigurationList = AA75C6DE2D1D1A2C009B2A9D /* Build configuration list for PBXProject "PokeDex" */;
			developmentRegion = en;
			hasScannedForEncodings = 0;
			knownRegions = (
				en,
				Base,
			);
			mainGroup = AA75C6DA2D1D1A2C009B2A9D;
			minimizedProjectReferenceProxies = 1;
			packageReferences = (
				AA75C70C2D1D1BDC009B2A9D /* XCRemoteSwiftPackageReference "SnapKit" */,
				AA75C70F2D1D1CB0009B2A9D /* XCRemoteSwiftPackageReference "RxSwift" */,
			);
			preferredProjectObjectVersion = 77;
			productRefGroup = AA75C6E42D1D1A2C009B2A9D /* Products */;
			projectDirPath = "";
			projectRoot = "";
			targets = (
				AA75C6E22D1D1A2C009B2A9D /* PokeDex */,
			);
		};
/* End PBXProject section */

/* Begin PBXResourcesBuildPhase section */
		AA75C6E12D1D1A2C009B2A9D /* Resources */ = {
			isa = PBXResourcesBuildPhase;
			buildActionMask = 2147483647;
			files = (
				AA75C7062D1D1A9C009B2A9D /* Assets.xcassets in Resources */,
				AA75C7082D1D1A9C009B2A9D /* LaunchScreen.storyboard in Resources */,
			);
			runOnlyForDeploymentPostprocessing = 0;
		};
/* End PBXResourcesBuildPhase section */

/* Begin PBXSourcesBuildPhase section */
		AA75C6DF2D1D1A2C009B2A9D /* Sources */ = {
			isa = PBXSourcesBuildPhase;
			buildActionMask = 2147483647;
			files = (
				AA75C7132D1D4D62009B2A9D /* NetworkManager.swift in Sources */,
				AA75C7172D1D6128009B2A9D /* PokemonData.swift in Sources */,
				AA75C7032D1D1A9C009B2A9D /* AppDelegate.swift in Sources */,
				AA75C7042D1D1A9C009B2A9D /* MainViewController.swift in Sources */,
				AA75C7052D1D1A9C009B2A9D /* SceneDelegate.swift in Sources */,
				AA75C7152D1D4FA9009B2A9D /* NetworkError.swift in Sources */,
			);
			runOnlyForDeploymentPostprocessing = 0;
		};
/* End PBXSourcesBuildPhase section */

/* Begin PBXVariantGroup section */
		AA75C6FF2D1D1A9C009B2A9D /* LaunchScreen.storyboard */ = {
			isa = PBXVariantGroup;
			children = (
				AA75C6FE2D1D1A9C009B2A9D /* Base */,
			);
			name = LaunchScreen.storyboard;
			sourceTree = "<group>";
		};
/* End PBXVariantGroup section */

/* Begin XCBuildConfiguration section */
		AA75C6F72D1D1A2F009B2A9D /* Debug */ = {
			isa = XCBuildConfiguration;
			buildSettings = {
				ASSETCATALOG_COMPILER_APPICON_NAME = AppIcon;
				ASSETCATALOG_COMPILER_GLOBAL_ACCENT_COLOR_NAME = AccentColor;
				CODE_SIGN_STYLE = Automatic;
				CURRENT_PROJECT_VERSION = 1;
				DEVELOPMENT_TEAM = 52LJKQN5WQ;
				GENERATE_INFOPLIST_FILE = YES;
				INFOPLIST_FILE = PokeDex/Info.plist;
				INFOPLIST_KEY_UIApplicationSupportsIndirectInputEvents = YES;
				INFOPLIST_KEY_UILaunchStoryboardName = LaunchScreen;
				INFOPLIST_KEY_UISupportedInterfaceOrientations_iPad = "UIInterfaceOrientationPortrait UIInterfaceOrientationPortraitUpsideDown UIInterfaceOrientationLandscapeLeft UIInterfaceOrientationLandscapeRight";
				INFOPLIST_KEY_UISupportedInterfaceOrientations_iPhone = "UIInterfaceOrientationPortrait UIInterfaceOrientationLandscapeLeft UIInterfaceOrientationLandscapeRight";
				IPHONEOS_DEPLOYMENT_TARGET = 16.0;
				LD_RUNPATH_SEARCH_PATHS = (
					"$(inherited)",
					"@executable_path/Frameworks",
				);
				MARKETING_VERSION = 1.0;
				PRODUCT_BUNDLE_IDENTIFIER = net.crois.PokeDex;
				PRODUCT_NAME = "$(TARGET_NAME)";
				SWIFT_EMIT_LOC_STRINGS = YES;
				SWIFT_VERSION = 5.0;
				TARGETED_DEVICE_FAMILY = "1,2";
			};
			name = Debug;
		};
		AA75C6F82D1D1A2F009B2A9D /* Release */ = {
			isa = XCBuildConfiguration;
			buildSettings = {
				ASSETCATALOG_COMPILER_APPICON_NAME = AppIcon;
				ASSETCATALOG_COMPILER_GLOBAL_ACCENT_COLOR_NAME = AccentColor;
				CODE_SIGN_STYLE = Automatic;
				CURRENT_PROJECT_VERSION = 1;
				DEVELOPMENT_TEAM = 52LJKQN5WQ;
				GENERATE_INFOPLIST_FILE = YES;
				INFOPLIST_FILE = PokeDex/Info.plist;
				INFOPLIST_KEY_UIApplicationSupportsIndirectInputEvents = YES;
				INFOPLIST_KEY_UILaunchStoryboardName = LaunchScreen;
				INFOPLIST_KEY_UISupportedInterfaceOrientations_iPad = "UIInterfaceOrientationPortrait UIInterfaceOrientationPortraitUpsideDown UIInterfaceOrientationLandscapeLeft UIInterfaceOrientationLandscapeRight";
				INFOPLIST_KEY_UISupportedInterfaceOrientations_iPhone = "UIInterfaceOrientationPortrait UIInterfaceOrientationLandscapeLeft UIInterfaceOrientationLandscapeRight";
				IPHONEOS_DEPLOYMENT_TARGET = 16.0;
				LD_RUNPATH_SEARCH_PATHS = (
					"$(inherited)",
					"@executable_path/Frameworks",
				);
				MARKETING_VERSION = 1.0;
				PRODUCT_BUNDLE_IDENTIFIER = net.crois.PokeDex;
				PRODUCT_NAME = "$(TARGET_NAME)";
				SWIFT_EMIT_LOC_STRINGS = YES;
				SWIFT_VERSION = 5.0;
				TARGETED_DEVICE_FAMILY = "1,2";
			};
			name = Release;
		};
		AA75C6F92D1D1A2F009B2A9D /* Debug */ = {
			isa = XCBuildConfiguration;
			buildSettings = {
				ALWAYS_SEARCH_USER_PATHS = NO;
				ASSETCATALOG_COMPILER_GENERATE_SWIFT_ASSET_SYMBOL_EXTENSIONS = YES;
				CLANG_ANALYZER_NONNULL = YES;
				CLANG_ANALYZER_NUMBER_OBJECT_CONVERSION = YES_AGGRESSIVE;
				CLANG_CXX_LANGUAGE_STANDARD = "gnu++20";
				CLANG_ENABLE_MODULES = YES;
				CLANG_ENABLE_OBJC_ARC = YES;
				CLANG_ENABLE_OBJC_WEAK = YES;
				CLANG_WARN_BLOCK_CAPTURE_AUTORELEASING = YES;
				CLANG_WARN_BOOL_CONVERSION = YES;
				CLANG_WARN_COMMA = YES;
				CLANG_WARN_CONSTANT_CONVERSION = YES;
				CLANG_WARN_DEPRECATED_OBJC_IMPLEMENTATIONS = YES;
				CLANG_WARN_DIRECT_OBJC_ISA_USAGE = YES_ERROR;
				CLANG_WARN_DOCUMENTATION_COMMENTS = YES;
				CLANG_WARN_EMPTY_BODY = YES;
				CLANG_WARN_ENUM_CONVERSION = YES;
				CLANG_WARN_INFINITE_RECURSION = YES;
				CLANG_WARN_INT_CONVERSION = YES;
				CLANG_WARN_NON_LITERAL_NULL_CONVERSION = YES;
				CLANG_WARN_OBJC_IMPLICIT_RETAIN_SELF = YES;
				CLANG_WARN_OBJC_LITERAL_CONVERSION = YES;
				CLANG_WARN_OBJC_ROOT_CLASS = YES_ERROR;
				CLANG_WARN_QUOTED_INCLUDE_IN_FRAMEWORK_HEADER = YES;
				CLANG_WARN_RANGE_LOOP_ANALYSIS = YES;
				CLANG_WARN_STRICT_PROTOTYPES = YES;
				CLANG_WARN_SUSPICIOUS_MOVE = YES;
				CLANG_WARN_UNGUARDED_AVAILABILITY = YES_AGGRESSIVE;
				CLANG_WARN_UNREACHABLE_CODE = YES;
				CLANG_WARN__DUPLICATE_METHOD_MATCH = YES;
				COPY_PHASE_STRIP = NO;
				DEBUG_INFORMATION_FORMAT = dwarf;
				ENABLE_STRICT_OBJC_MSGSEND = YES;
				ENABLE_TESTABILITY = YES;
				ENABLE_USER_SCRIPT_SANDBOXING = YES;
				GCC_C_LANGUAGE_STANDARD = gnu17;
				GCC_DYNAMIC_NO_PIC = NO;
				GCC_NO_COMMON_BLOCKS = YES;
				GCC_OPTIMIZATION_LEVEL = 0;
				GCC_PREPROCESSOR_DEFINITIONS = (
					"DEBUG=1",
					"$(inherited)",
				);
				GCC_WARN_64_TO_32_BIT_CONVERSION = YES;
				GCC_WARN_ABOUT_RETURN_TYPE = YES_ERROR;
				GCC_WARN_UNDECLARED_SELECTOR = YES;
				GCC_WARN_UNINITIALIZED_AUTOS = YES_AGGRESSIVE;
				GCC_WARN_UNUSED_FUNCTION = YES;
				GCC_WARN_UNUSED_VARIABLE = YES;
				IPHONEOS_DEPLOYMENT_TARGET = 18.2;
				LOCALIZATION_PREFERS_STRING_CATALOGS = YES;
				MTL_ENABLE_DEBUG_INFO = INCLUDE_SOURCE;
				MTL_FAST_MATH = YES;
				ONLY_ACTIVE_ARCH = YES;
				SDKROOT = iphoneos;
				SWIFT_ACTIVE_COMPILATION_CONDITIONS = "DEBUG $(inherited)";
				SWIFT_OPTIMIZATION_LEVEL = "-Onone";
			};
			name = Debug;
		};
		AA75C6FA2D1D1A2F009B2A9D /* Release */ = {
			isa = XCBuildConfiguration;
			buildSettings = {
				ALWAYS_SEARCH_USER_PATHS = NO;
				ASSETCATALOG_COMPILER_GENERATE_SWIFT_ASSET_SYMBOL_EXTENSIONS = YES;
				CLANG_ANALYZER_NONNULL = YES;
				CLANG_ANALYZER_NUMBER_OBJECT_CONVERSION = YES_AGGRESSIVE;
				CLANG_CXX_LANGUAGE_STANDARD = "gnu++20";
				CLANG_ENABLE_MODULES = YES;
				CLANG_ENABLE_OBJC_ARC = YES;
				CLANG_ENABLE_OBJC_WEAK = YES;
				CLANG_WARN_BLOCK_CAPTURE_AUTORELEASING = YES;
				CLANG_WARN_BOOL_CONVERSION = YES;
				CLANG_WARN_COMMA = YES;
				CLANG_WARN_CONSTANT_CONVERSION = YES;
				CLANG_WARN_DEPRECATED_OBJC_IMPLEMENTATIONS = YES;
				CLANG_WARN_DIRECT_OBJC_ISA_USAGE = YES_ERROR;
				CLANG_WARN_DOCUMENTATION_COMMENTS = YES;
				CLANG_WARN_EMPTY_BODY = YES;
				CLANG_WARN_ENUM_CONVERSION = YES;
				CLANG_WARN_INFINITE_RECURSION = YES;
				CLANG_WARN_INT_CONVERSION = YES;
				CLANG_WARN_NON_LITERAL_NULL_CONVERSION = YES;
				CLANG_WARN_OBJC_IMPLICIT_RETAIN_SELF = YES;
				CLANG_WARN_OBJC_LITERAL_CONVERSION = YES;
				CLANG_WARN_OBJC_ROOT_CLASS = YES_ERROR;
				CLANG_WARN_QUOTED_INCLUDE_IN_FRAMEWORK_HEADER = YES;
				CLANG_WARN_RANGE_LOOP_ANALYSIS = YES;
				CLANG_WARN_STRICT_PROTOTYPES = YES;
				CLANG_WARN_SUSPICIOUS_MOVE = YES;
				CLANG_WARN_UNGUARDED_AVAILABILITY = YES_AGGRESSIVE;
				CLANG_WARN_UNREACHABLE_CODE = YES;
				CLANG_WARN__DUPLICATE_METHOD_MATCH = YES;
				COPY_PHASE_STRIP = NO;
				DEBUG_INFORMATION_FORMAT = "dwarf-with-dsym";
				ENABLE_NS_ASSERTIONS = NO;
				ENABLE_STRICT_OBJC_MSGSEND = YES;
				ENABLE_USER_SCRIPT_SANDBOXING = YES;
				GCC_C_LANGUAGE_STANDARD = gnu17;
				GCC_NO_COMMON_BLOCKS = YES;
				GCC_WARN_64_TO_32_BIT_CONVERSION = YES;
				GCC_WARN_ABOUT_RETURN_TYPE = YES_ERROR;
				GCC_WARN_UNDECLARED_SELECTOR = YES;
				GCC_WARN_UNINITIALIZED_AUTOS = YES_AGGRESSIVE;
				GCC_WARN_UNUSED_FUNCTION = YES;
				GCC_WARN_UNUSED_VARIABLE = YES;
				IPHONEOS_DEPLOYMENT_TARGET = 18.2;
				LOCALIZATION_PREFERS_STRING_CATALOGS = YES;
				MTL_ENABLE_DEBUG_INFO = NO;
				MTL_FAST_MATH = YES;
				SDKROOT = iphoneos;
				SWIFT_COMPILATION_MODE = wholemodule;
				VALIDATE_PRODUCT = YES;
			};
			name = Release;
		};
/* End XCBuildConfiguration section */

/* Begin XCConfigurationList section */
		AA75C6DE2D1D1A2C009B2A9D /* Build configuration list for PBXProject "PokeDex" */ = {
			isa = XCConfigurationList;
			buildConfigurations = (
				AA75C6F92D1D1A2F009B2A9D /* Debug */,
				AA75C6FA2D1D1A2F009B2A9D /* Release */,
			);
			defaultConfigurationIsVisible = 0;
			defaultConfigurationName = Release;
		};
		AA75C6F62D1D1A2F009B2A9D /* Build configuration list for PBXNativeTarget "PokeDex" */ = {
			isa = XCConfigurationList;
			buildConfigurations = (
				AA75C6F72D1D1A2F009B2A9D /* Debug */,
				AA75C6F82D1D1A2F009B2A9D /* Release */,
			);
			defaultConfigurationIsVisible = 0;
			defaultConfigurationName = Release;
		};
/* End XCConfigurationList section */

/* Begin XCRemoteSwiftPackageReference section */
		AA75C70C2D1D1BDC009B2A9D /* XCRemoteSwiftPackageReference "SnapKit" */ = {
			isa = XCRemoteSwiftPackageReference;
			repositoryURL = "https://github.com/SnapKit/SnapKit.git";
			requirement = {
				kind = upToNextMajorVersion;
				minimumVersion = 5.7.1;
			};
		};
		AA75C70F2D1D1CB0009B2A9D /* XCRemoteSwiftPackageReference "RxSwift" */ = {
			isa = XCRemoteSwiftPackageReference;
			repositoryURL = "https://github.com/ReactiveX/RxSwift";
			requirement = {
				kind = upToNextMajorVersion;
				minimumVersion = 6.8.0;
			};
		};
/* End XCRemoteSwiftPackageReference section */

/* Begin XCSwiftPackageProductDependency section */
		AA75C70D2D1D1BDC009B2A9D /* SnapKit */ = {
			isa = XCSwiftPackageProductDependency;
			package = AA75C70C2D1D1BDC009B2A9D /* XCRemoteSwiftPackageReference "SnapKit" */;
			productName = SnapKit;
		};
		AA75C7102D1D1CB0009B2A9D /* RxCocoa */ = {
			isa = XCSwiftPackageProductDependency;
			package = AA75C70F2D1D1CB0009B2A9D /* XCRemoteSwiftPackageReference "RxSwift" */;
			productName = RxCocoa;
		};
/* End XCSwiftPackageProductDependency section */
	};
	rootObject = AA75C6DB2D1D1A2C009B2A9D /* Project object */;
}
